
Microsoft Visual Studio Solution File, Format Version 12.00
# Visual Studio Version 17
VisualStudioVersion = 17.10.35027.167
MinimumVisualStudioVersion = 10.0.40219.1
Project("{54A90642-561A-4BB1-A94E-469ADEE60C69}") = "PAI_web_server", "PAI_web_server.esproj", "{70147EFC-CF42-4202-A424-A77F6AD5F72A}"
EndProject
Global
	GlobalSection(SolutionConfigurationPlatforms) = preSolution
		Debug|Any CPU = Debug|Any CPU
		Release|Any CPU = Release|Any CPU
	EndGlobalSection
	GlobalSection(ProjectConfigurationPlatforms) = postSolution
		{70147EFC-CF42-4202-A424-A77F6AD5F72A}.Debug|Any CPU.ActiveCfg = Debug|Any CPU
		{70147EFC-CF42-4202-A424-A77F6AD5F72A}.Debug|Any CPU.Build.0 = Debug|Any CPU
		{70147EFC-CF42-4202-A424-A77F6AD5F72A}.Debug|Any CPU.Deploy.0 = Debug|Any CPU
		{70147EFC-CF42-4202-A424-A77F6AD5F72A}.Release|Any CPU.ActiveCfg = Release|Any CPU
		{70147EFC-CF42-4202-A424-A77F6AD5F72A}.Release|Any CPU.Build.0 = Release|Any CPU
		{70147EFC-CF42-4202-A424-A77F6AD5F72A}.Release|Any CPU.Deploy.0 = Release|Any CPU
	EndGlobalSection
	GlobalSection(SolutionProperties) = preSolution
		HideSolutionNode = FALSE
	EndGlobalSection
	GlobalSection(ExtensibilityGlobals) = postSolution
		SolutionGuid = {61A3C756-AB02-446E-9F75-C2642C31C26C}
	EndGlobalSection
EndGlobal
